
Microsoft Visual Studio Solution File, Format Version 12.00
# Visual Studio Version 17
VisualStudioVersion = 17.8.34309.116
MinimumVisualStudioVersion = 10.0.40219.1
Project("{9A19103F-16F7-4668-BE54-9A1E7A4F7556}") = "TaniLink_Backend", "TaniLink_Backend\TaniLink_Backend.csproj", "{1748C520-BD4B-42B0-809D-62F9B66EF85F}"
EndProject
Project("{E53339B2-1760-4266-BCC7-CA923CBCF16C}") = "docker-compose", "docker-compose.dcproj", "{3ABE92C3-F52C-4CB3-9B2B-F5E93F81C068}"
EndProject
Global
	GlobalSection(SolutionConfigurationPlatforms) = preSolution
		Debug|Any CPU = Debug|Any CPU
		Release|Any CPU = Release|Any CPU
	EndGlobalSection
	GlobalSection(ProjectConfigurationPlatforms) = postSolution
		{1748C520-BD4B-42B0-809D-62F9B66EF85F}.Debug|Any CPU.ActiveCfg = Debug|Any CPU
		{1748C520-BD4B-42B0-809D-62F9B66EF85F}.Debug|Any CPU.Build.0 = Debug|Any CPU
		{1748C520-BD4B-42B0-809D-62F9B66EF85F}.Release|Any CPU.ActiveCfg = Release|Any CPU
		{1748C520-BD4B-42B0-809D-62F9B66EF85F}.Release|Any CPU.Build.0 = Release|Any CPU
		{3ABE92C3-F52C-4CB3-9B2B-F5E93F81C068}.Debug|Any CPU.ActiveCfg = Debug|Any CPU
		{3ABE92C3-F52C-4CB3-9B2B-F5E93F81C068}.Debug|Any CPU.Build.0 = Debug|Any CPU
		{3ABE92C3-F52C-4CB3-9B2B-F5E93F81C068}.Release|Any CPU.ActiveCfg = Release|Any CPU
		{3ABE92C3-F52C-4CB3-9B2B-F5E93F81C068}.Release|Any CPU.Build.0 = Release|Any CPU
	EndGlobalSection
	GlobalSection(SolutionProperties) = preSolution
		HideSolutionNode = FALSE
	EndGlobalSection
	GlobalSection(ExtensibilityGlobals) = postSolution
		SolutionGuid = {7D900921-FB3B-4653-9660-240A1FE67611}
	EndGlobalSection
EndGlobal
